
Microsoft Visual Studio Solution File, Format Version 12.00
# Visual Studio 15
VisualStudioVersion = 15.0.27703.2047
MinimumVisualStudioVersion = 10.0.40219.1
Project("{FAE04EC0-301F-11D3-BF4B-00C04F79EFBC}") = "BoardF", "BoardF\BoardF.csproj", "{F66F3E73-F99D-493F-88CF-40DB40AE7E3A}"
EndProject
Project("{FAE04EC0-301F-11D3-BF4B-00C04F79EFBC}") = "BoardFTests", "BoardFTests\BoardFTests.csproj", "{7067A4DF-9D79-4B54-8C6D-B2E7779E2513}"
EndProject
Project("{FAE04EC0-301F-11D3-BF4B-00C04F79EFBC}") = "WindowGameF", "WindowGameF\WindowGameF.csproj", "{6E13AF48-2202-4F69-8D05-A7D932AD2C0E}"
EndProject
Global
	GlobalSection(SolutionConfigurationPlatforms) = preSolution
		Debug|Any CPU = Debug|Any CPU
		Release|Any CPU = Release|Any CPU
	EndGlobalSection
	GlobalSection(ProjectConfigurationPlatforms) = postSolution
		{F66F3E73-F99D-493F-88CF-40DB40AE7E3A}.Debug|Any CPU.ActiveCfg = Debug|Any CPU
		{F66F3E73-F99D-493F-88CF-40DB40AE7E3A}.Debug|Any CPU.Build.0 = Debug|Any CPU
		{F66F3E73-F99D-493F-88CF-40DB40AE7E3A}.Release|Any CPU.ActiveCfg = Release|Any CPU
		{F66F3E73-F99D-493F-88CF-40DB40AE7E3A}.Release|Any CPU.Build.0 = Release|Any CPU
		{7067A4DF-9D79-4B54-8C6D-B2E7779E2513}.Debug|Any CPU.ActiveCfg = Debug|Any CPU
		{7067A4DF-9D79-4B54-8C6D-B2E7779E2513}.Debug|Any CPU.Build.0 = Debug|Any CPU
		{7067A4DF-9D79-4B54-8C6D-B2E7779E2513}.Release|Any CPU.ActiveCfg = Release|Any CPU
		{7067A4DF-9D79-4B54-8C6D-B2E7779E2513}.Release|Any CPU.Build.0 = Release|Any CPU
		{6E13AF48-2202-4F69-8D05-A7D932AD2C0E}.Debug|Any CPU.ActiveCfg = Debug|Any CPU
		{6E13AF48-2202-4F69-8D05-A7D932AD2C0E}.Debug|Any CPU.Build.0 = Debug|Any CPU
		{6E13AF48-2202-4F69-8D05-A7D932AD2C0E}.Release|Any CPU.ActiveCfg = Release|Any CPU
		{6E13AF48-2202-4F69-8D05-A7D932AD2C0E}.Release|Any CPU.Build.0 = Release|Any CPU
	EndGlobalSection
	GlobalSection(SolutionProperties) = preSolution
		HideSolutionNode = FALSE
	EndGlobalSection
	GlobalSection(ExtensibilityGlobals) = postSolution
		SolutionGuid = {C2E85002-99E4-4362-B98A-79E42FA3B3CC}
	EndGlobalSection
EndGlobal
